
Microsoft Visual Studio Solution File, Format Version 12.00
# Visual Studio 15
VisualStudioVersion = 15.0.28010.2050
MinimumVisualStudioVersion = 10.0.40219.1
Project("{FAE04EC0-301F-11D3-BF4B-00C04F79EFBC}") = "WpfApp12", "WpfApp12\WpfApp12.csproj", "{C961A42F-137D-4A9A-BD1E-AF3C4F46C162}"
EndProject
Global
	GlobalSection(SolutionConfigurationPlatforms) = preSolution
		Debug|Any CPU = Debug|Any CPU
		Release|Any CPU = Release|Any CPU
	EndGlobalSection
	GlobalSection(ProjectConfigurationPlatforms) = postSolution
		{C961A42F-137D-4A9A-BD1E-AF3C4F46C162}.Debug|Any CPU.ActiveCfg = Debug|Any CPU
		{C961A42F-137D-4A9A-BD1E-AF3C4F46C162}.Debug|Any CPU.Build.0 = Debug|Any CPU
		{C961A42F-137D-4A9A-BD1E-AF3C4F46C162}.Release|Any CPU.ActiveCfg = Release|Any CPU
		{C961A42F-137D-4A9A-BD1E-AF3C4F46C162}.Release|Any CPU.Build.0 = Release|Any CPU
	EndGlobalSection
	GlobalSection(SolutionProperties) = preSolution
		HideSolutionNode = FALSE
	EndGlobalSection
	GlobalSection(ExtensibilityGlobals) = postSolution
		SolutionGuid = {E6DEE98C-8EC1-45DF-82C2-A0E004F1BC77}
	EndGlobalSection
EndGlobal
