
Microsoft Visual Studio Solution File, Format Version 12.00
# Visual Studio 15
VisualStudioVersion = 15.0.28010.2050
MinimumVisualStudioVersion = 10.0.40219.1
Project("{FAE04EC0-301F-11D3-BF4B-00C04F79EFBC}") = "ContentTest2", "ContentTest2\ContentTest2.csproj", "{575CC963-B374-484C-B009-3B007CFE157E}"
EndProject
Global
	GlobalSection(SolutionConfigurationPlatforms) = preSolution
		Debug|Any CPU = Debug|Any CPU
		Release|Any CPU = Release|Any CPU
	EndGlobalSection
	GlobalSection(ProjectConfigurationPlatforms) = postSolution
		{575CC963-B374-484C-B009-3B007CFE157E}.Debug|Any CPU.ActiveCfg = Debug|Any CPU
		{575CC963-B374-484C-B009-3B007CFE157E}.Debug|Any CPU.Build.0 = Debug|Any CPU
		{575CC963-B374-484C-B009-3B007CFE157E}.Release|Any CPU.ActiveCfg = Release|Any CPU
		{575CC963-B374-484C-B009-3B007CFE157E}.Release|Any CPU.Build.0 = Release|Any CPU
	EndGlobalSection
	GlobalSection(SolutionProperties) = preSolution
		HideSolutionNode = FALSE
	EndGlobalSection
	GlobalSection(ExtensibilityGlobals) = postSolution
		SolutionGuid = {E8018EC4-D154-444A-9685-F8037F0D3CBB}
	EndGlobalSection
EndGlobal
