
Microsoft Visual Studio Solution File, Format Version 12.00
# Visual Studio 15
VisualStudioVersion = 15.0.28010.2050
MinimumVisualStudioVersion = 10.0.40219.1
Project("{FAE04EC0-301F-11D3-BF4B-00C04F79EFBC}") = "DayNames", "DayNames\DayNames.csproj", "{DE254A92-6D9E-4AA9-9EA0-7212DD273647}"
EndProject
Global
	GlobalSection(SolutionConfigurationPlatforms) = preSolution
		Debug|Any CPU = Debug|Any CPU
		Release|Any CPU = Release|Any CPU
	EndGlobalSection
	GlobalSection(ProjectConfigurationPlatforms) = postSolution
		{DE254A92-6D9E-4AA9-9EA0-7212DD273647}.Debug|Any CPU.ActiveCfg = Debug|Any CPU
		{DE254A92-6D9E-4AA9-9EA0-7212DD273647}.Debug|Any CPU.Build.0 = Debug|Any CPU
		{DE254A92-6D9E-4AA9-9EA0-7212DD273647}.Release|Any CPU.ActiveCfg = Release|Any CPU
		{DE254A92-6D9E-4AA9-9EA0-7212DD273647}.Release|Any CPU.Build.0 = Release|Any CPU
	EndGlobalSection
	GlobalSection(SolutionProperties) = preSolution
		HideSolutionNode = FALSE
	EndGlobalSection
	GlobalSection(ExtensibilityGlobals) = postSolution
		SolutionGuid = {C4F00BC7-EB38-48E8-8875-85B4D1E0AFBD}
	EndGlobalSection
EndGlobal
